
Microsoft Visual Studio Solution File, Format Version 12.00
# Visual Studio 2013
VisualStudioVersion = 12.0.30110.0
MinimumVisualStudioVersion = 10.0.40219.1
Project("{2150E333-8FDC-42A3-9474-1A3956D46DE8}") = ".nuget", ".nuget", "{531C1D10-FDC6-4C5A-9A3A-A7C4BA534A42}"
	ProjectSection(SolutionItems) = preProject
		.nuget\NuGet.Config = .nuget\NuGet.Config
		.nuget\NuGet.exe = .nuget\NuGet.exe
		.nuget\NuGet.targets = .nuget\NuGet.targets
	EndProjectSection
EndProject
Project("{FAE04EC0-301F-11D3-BF4B-00C04F79EFBC}") = "AI.KnockoutMVC.Web", "AI.KnockoutMVC.Web\AI.KnockoutMVC.Web.csproj", "{699C4A0A-B4F2-47C9-BB48-99DDA7DED267}"
EndProject
Global
	GlobalSection(SolutionConfigurationPlatforms) = preSolution
		Debug|Any CPU = Debug|Any CPU
		Release|Any CPU = Release|Any CPU
	EndGlobalSection
	GlobalSection(ProjectConfigurationPlatforms) = postSolution
		{699C4A0A-B4F2-47C9-BB48-99DDA7DED267}.Debug|Any CPU.ActiveCfg = Debug|Any CPU
		{699C4A0A-B4F2-47C9-BB48-99DDA7DED267}.Debug|Any CPU.Build.0 = Debug|Any CPU
		{699C4A0A-B4F2-47C9-BB48-99DDA7DED267}.Release|Any CPU.ActiveCfg = Release|Any CPU
		{699C4A0A-B4F2-47C9-BB48-99DDA7DED267}.Release|Any CPU.Build.0 = Release|Any CPU
	EndGlobalSection
	GlobalSection(SolutionProperties) = preSolution
		HideSolutionNode = FALSE
	EndGlobalSection
EndGlobal
